{
  "name": "medina",
  "lockfileVersion": 3,
  "requires": true,
  "packages": {
    "": {
      "name": "medina",
      "dependencies": {
        "@effect/ai-openai": "^4.0.0-rc.112",
        "@effect/platform-node": "4.0.0-rc.112",
        "effect": "4.0.0-rc.112"
      },
      "devDependencies": {
        "@types/node": "^24",
        "typescript": "^5.9.0"
      }
    },
    "node_modules/@effect/ai-openai": {
      "version": "4.0.0-rc.112",
      "resolved": "https://registry.npmjs.org/@effect/ai-openai/-/ai-openai-4.0.0-rc.112.tgz",
      "integrity": "sha512-j2X86xvgpAtNiusyESADHZn3PUzMVatE1zWXd0No2aybx/euKiVBVWZOtzq7ntJ5KvPHRBOFXTGPADdApQrwug==",
      "license": "MIT",
      "peerDependencies": {
        "effect": "^4.0.0-rc.112"
      }
    },
    "node_modules/@effect/platform-node": {
      "version": "4.0.0-rc.112",
      "resolved": "https://registry.npmjs.org/@effect/platform-node/-/platform-node-4.0.0-rc.112.tgz",
      "integrity": "sha512-/BMAcdNGQQskLmI0Zoa95KfTZkr9HV9N4NSxaSrusG6GeW6Ulp9KvZ+Rlaiw8lnOt43CXjFLdfll5/k5rxL4hQ==",
      "license": "MIT",
      "dependencies": {
        "@effect/platform-node-shared": "^4.0.0-rc.112",
        "mime": "^4.1.0",
        "undici": "^8.10.0"
      },
      "engines": {
        "node": ">=18.0.0"
      },
      "peerDependencies": {
        "effect": "^4.0.0-rc.112",
        "redis": ">=5.0.0 <7.0.0"
      }
    },
    "node_modules/@effect/platform-node-shared": {
      "version": "4.0.0-rc.112",
      "resolved": "https://registry.npmjs.org/@effect/platform-node-shared/-/platform-node-shared-4.0.0-rc.112.tgz",
      "integrity": "sha512-ttjz0xKamFN7vL8pNDYVwddJLjZvqKePc05djlz2VcdaKbLsnYbtMnL1rbOfHgEnIUSHGh7FkjaN4DM1Ov81sQ==",
      "license": "MIT",
      "dependencies": {
        "@types/ws": "^8.18.1",
        "ws": "^8.21.3"
      },
      "engines": {
        "node": ">=18.0.0"
      },
      "peerDependencies": {
        "effect": "^4.0.0-rc.112"
      }
    },
    "node_modules/@msgpackr-extract/msgpackr-extract-darwin-arm64": {
      "version": "3.0.4",
      "resolved": "https://registry.npmjs.org/@msgpackr-extract/msgpackr-extract-darwin-arm64/-/msgpackr-extract-darwin-arm64-3.0.4.tgz",
      "integrity": "sha512-LCkGo6JDfaBhgST7UpPWgNgLINpcpabaHfyz5OBx75nUYxBsaEPxjnyNjWpeb/xBup/682QnBfRBy2/LvPutZQ==",
      "cpu": [
        "arm64"
      ],
      "license": "MIT",
      "optional": true,
      "os": [
        "darwin"
      ]
    },
    "node_modules/@msgpackr-extract/msgpackr-extract-darwin-x64": {
      "version": "3.0.4",
      "resolved": "https://registry.npmjs.org/@msgpackr-extract/msgpackr-extract-darwin-x64/-/msgpackr-extract-darwin-x64-3.0.4.tgz",
      "integrity": "sha512-zExlW9zUJKZH/tOtVMttwjKa4Xm/3KcNjnE3dPN92uCktwavMxpgCA3MoJK/DOnTWsQgo224OaST27/mPNAf+w==",
      "cpu": [
        "x64"
      ],
      "license": "MIT",
      "optional": true,
      "os": [
        "darwin"
      ]
    },
    "node_modules/@msgpackr-extract/msgpackr-extract-linux-arm": {
      "version": "3.0.4",
      "resolved": "https://registry.npmjs.org/@msgpackr-extract/msgpackr-extract-linux-arm/-/msgpackr-extract-linux-arm-3.0.4.tgz",
      "integrity": "sha512-Tg3yX65f5GbtXLkrYEHE5oibZG9epyYWas7FogTTEJeDEF9JlXJzKgXaNhT3UXlTOeA+AfZpYZYZ0uPj7Cfquw==",
      "cpu": [
        "arm"
      ],
      "license": "MIT",
      "optional": true,
      "os": [
        "linux"
      ]
    },
    "node_modules/@msgpackr-extract/msgpackr-extract-linux-arm64": {
      "version": "3.0.4",
      "resolved": "https://registry.npmjs.org/@msgpackr-extract/msgpackr-extract-linux-arm64/-/msgpackr-extract-linux-arm64-3.0.4.tgz",
      "integrity": "sha512-dgX0P/9wGPJeHFBG+ZmhgE6bmtMt7NP5CRBGyyktpopdk/mW4POnrpQsSLtKI1dwpc+pPLuXHDh6vvskyQE/sw==",
      "cpu": [
        "arm64"
      ],
      "license": "MIT",
      "optional": true,
      "os": [
        "linux"
      ]
    },
    "node_modules/@msgpackr-extract/msgpackr-extract-linux-x64": {
      "version": "3.0.4",
      "resolved": "https://registry.npmjs.org/@msgpackr-extract/msgpackr-extract-linux-x64/-/msgpackr-extract-linux-x64-3.0.4.tgz",
      "integrity": "sha512-8TNXMEjJc3QEy7R/x1INhgiU+XakDAFUzBhaz7+Rbrs8NH5UQeHQxxmzsSBJGyV6I1jW79undiQm8tOI+D+8FQ==",
      "cpu": [
        "x64"
      ],
      "license": "MIT",
      "optional": true,
      "os": [
        "linux"
      ]
    },
    "node_modules/@msgpackr-extract/msgpackr-extract-win32-x64": {
      "version": "3.0.4",
      "resolved": "https://registry.npmjs.org/@msgpackr-extract/msgpackr-extract-win32-x64/-/msgpackr-extract-win32-x64-3.0.4.tgz",
      "integrity": "sha512-CmCXPQrkbwExx3j946/PtHWHbYJiCRBRDl4BlkRQcJB/YOwQxJRTpoo7aTsortjgoJ1x7opzTSxn7C+ASSLVjQ==",
      "cpu": [
        "x64"
      ],
      "license": "MIT",
      "optional": true,
      "os": [
        "win32"
      ]
    },
    "node_modules/@redis/bloom": {
      "version": "6.2.1",
      "resolved": "https://registry.npmjs.org/@redis/bloom/-/bloom-6.2.1.tgz",
      "integrity": "sha512-huQgNLaCIZfQ9SeLn4q9124uOUd8HbZDYHwwUzNcRgHqCHiHKl2dDxMqJCeWh8cMqZAoWuHR8XnWbDMIf+o7ag==",
      "license": "MIT",
      "peer": true,
      "engines": {
        "node": ">= 20.0.0"
      },
      "peerDependencies": {
        "@redis/client": "^6.2.1"
      }
    },
    "node_modules/@redis/client": {
      "version": "6.2.1",
      "resolved": "https://registry.npmjs.org/@redis/client/-/client-6.2.1.tgz",
      "integrity": "sha512-LzxBY7SIBvvJiyCgcaJZZakE3fJrZZ++i24+EDW9fKpCl68D35uJcKFpZZwCfOoG9WZTbyZlMzMeM0gtOAMU9Q==",
      "license": "MIT",
      "peer": true,
      "dependencies": {
        "cluster-key-slot": "1.1.2"
      },
      "engines": {
        "node": ">= 20.0.0"
      },
      "peerDependencies": {
        "@node-rs/xxhash": "^1.1.0",
        "@opentelemetry/api": ">=1 <2"
      },
      "peerDependenciesMeta": {
        "@node-rs/xxhash": {
          "optional": true
        },
        "@opentelemetry/api": {
          "optional": true
        }
      }
    },
    "node_modules/@redis/json": {
      "version": "6.2.1",
      "resolved": "https://registry.npmjs.org/@redis/json/-/json-6.2.1.tgz",
      "integrity": "sha512-AFIUJ8Gj0DaaSBHYuSt8+O0oYWM+50OK1c0OmodB7XERIA8+BbyV3O4v76f9iccWasd1/7qjfZTpuzexUaZtrQ==",
      "license": "MIT",
      "peer": true,
      "engines": {
        "node": ">= 20.0.0"
      },
      "peerDependencies": {
        "@redis/client": "^6.2.1"
      }
    },
    "node_modules/@redis/search": {
      "version": "6.2.1",
      "resolved": "https://registry.npmjs.org/@redis/search/-/search-6.2.1.tgz",
      "integrity": "sha512-2vfOAOyYFE7UUw3sBBlkqqruBtOUS4HRY5MtW4hp83llrwvtrTE4r22CEqXddlV+54zkLxBE4nmsIJ/dpezQrQ==",
      "license": "MIT",
      "peer": true,
      "engines": {
        "node": ">= 20.0.0"
      },
      "peerDependencies": {
        "@redis/client": "^6.2.1"
      }
    },
    "node_modules/@redis/time-series": {
      "version": "6.2.1",
      "resolved": "https://registry.npmjs.org/@redis/time-series/-/time-series-6.2.1.tgz",
      "integrity": "sha512-kiYniph04dJOole+L359B6C9E+jYS2uDP7hca6Onj0xF38ZIpyxARO0Iq0W4ZRn1e8Q6vqW00QFZVSMRA/2Ijw==",
      "license": "MIT",
      "peer": true,
      "engines": {
        "node": ">= 20.0.0"
      },
      "peerDependencies": {
        "@redis/client": "^6.2.1"
      }
    },
    "node_modules/@types/node": {
      "version": "24.13.3",
      "resolved": "https://registry.npmjs.org/@types/node/-/node-24.13.3.tgz",
      "integrity": "sha512-Dh8vAsV36ig5wa9OX4pXvMc9D3Veibfw2wix0CUwYODLD8nkj9UsLjASr49nPg+2eKzxhBV+v7L8pXvT4e639Q==",
      "license": "MIT",
      "dependencies": {
        "undici-types": "~7.18.0"
      }
    },
    "node_modules/@types/ws": {
      "version": "8.18.1",
      "resolved": "https://registry.npmjs.org/@types/ws/-/ws-8.18.1.tgz",
      "integrity": "sha512-ThVF6DCVhA8kUGy+aazFQ4kXQ7E1Ty7A3ypFOe0IcJV8O/M511G99AW24irKrW56Wt44yG9+ij8FaqoBGkuBXg==",
      "license": "MIT",
      "dependencies": {
        "@types/node": "*"
      }
    },
    "node_modules/cluster-key-slot": {
      "version": "1.1.2",
      "resolved": "https://registry.npmjs.org/cluster-key-slot/-/cluster-key-slot-1.1.2.tgz",
      "integrity": "sha512-RMr0FhtfXemyinomL4hrWcYJxmX6deFdCxpJzhDttxgO1+bcCnkk+9drydLVDmAMG7NE6aN/fl4F7ucU/90gAA==",
      "license": "Apache-2.0",
      "peer": true,
      "engines": {
        "node": ">=0.10.0"
      }
    },
    "node_modules/detect-libc": {
      "version": "2.1.2",
      "resolved": "https://registry.npmjs.org/detect-libc/-/detect-libc-2.1.2.tgz",
      "integrity": "sha512-Btj2BOOO83o3WyH59e8MgXsxEQVcarkUOpEYrubB0urwnN10yQ364rsiByU11nZlqWYZm05i/of7io4mzihBtQ==",
      "license": "Apache-2.0",
      "optional": true,
      "engines": {
        "node": ">=8"
      }
    },
    "node_modules/effect": {
      "version": "4.0.0-rc.112",
      "resolved": "https://registry.npmjs.org/effect/-/effect-4.0.0-rc.112.tgz",
      "integrity": "sha512-wXxwuh1Ywnv4cPRM3Wfa0vDwuOHnZ1TsTgHJkG9XgzND6inhBH9n1vBxhg3iIXOia/OrpmvVmd3lrD4vq6bF3A==",
      "license": "MIT",
      "dependencies": {
        "fast-check": "^4.9.0",
        "msgpackr": "^2.0.5"
      }
    },
    "node_modules/fast-check": {
      "version": "4.9.0",
      "resolved": "https://registry.npmjs.org/fast-check/-/fast-check-4.9.0.tgz",
      "integrity": "sha512-7ms6T7SybUev/PQITciI0yLM2pOSFy5zpG8Ty7tQofcVaQUvrMXp6CBwqF6fThLCLOrfBtuHAtwq6Yu4XPCllg==",
      "funding": [
        {
          "type": "individual",
          "url": "https://github.com/sponsors/dubzzz"
        },
        {
          "type": "opencollective",
          "url": "https://opencollective.com/fast-check"
        }
      ],
      "license": "MIT",
      "dependencies": {
        "pure-rand": "^8.0.0"
      },
      "engines": {
        "node": ">=12.17.0"
      }
    },
    "node_modules/mime": {
      "version": "4.1.0",
      "resolved": "https://registry.npmjs.org/mime/-/mime-4.1.0.tgz",
      "integrity": "sha512-X5ju04+cAzsojXKes0B/S4tcYtFAJ6tTMuSPBEn9CPGlrWr8Fiw7qYeLT0XyH80HSoAoqWCaz+MWKh22P7G1cw==",
      "funding": [
        "https://github.com/sponsors/broofa"
      ],
      "license": "MIT",
      "bin": {
        "mime": "bin/cli.js"
      },
      "engines": {
        "node": ">=16"
      }
    },
    "node_modules/msgpackr": {
      "version": "2.1.0",
      "resolved": "https://registry.npmjs.org/msgpackr/-/msgpackr-2.1.0.tgz",
      "integrity": "sha512-p/pBCVO63CsvvpkomUnNNag6+n38rULuDA6HHe70o2gtC8ODI52foF/4ko2qQcp6OiErJXTmrZeXmsGGHsIQNQ==",
      "license": "MIT",
      "optionalDependencies": {
        "msgpackr-extract": "^3.0.4"
      }
    },
    "node_modules/msgpackr-extract": {
      "version": "3.0.4",
      "resolved": "https://registry.npmjs.org/msgpackr-extract/-/msgpackr-extract-3.0.4.tgz",
      "integrity": "sha512-4kmO/MdyUIkLIvTPr8VHLil4AtoKIoniWPIEk5+CDy0xnWC84azhSFmuJ7PxZdsYtiP5kEeQsORAVIeMgxT+Hw==",
      "hasInstallScript": true,
      "license": "MIT",
      "optional": true,
      "dependencies": {
        "node-gyp-build-optional-packages": "5.2.2"
      },
      "bin": {
        "download-msgpackr-prebuilds": "bin/download-prebuilds.js"
      },
      "optionalDependencies": {
        "@msgpackr-extract/msgpackr-extract-darwin-arm64": "3.0.4",
        "@msgpackr-extract/msgpackr-extract-darwin-x64": "3.0.4",
        "@msgpackr-extract/msgpackr-extract-linux-arm": "3.0.4",
        "@msgpackr-extract/msgpackr-extract-linux-arm64": "3.0.4",
        "@msgpackr-extract/msgpackr-extract-linux-x64": "3.0.4",
        "@msgpackr-extract/msgpackr-extract-win32-x64": "3.0.4"
      }
    },
    "node_modules/node-gyp-build-optional-packages": {
      "version": "5.2.2",
      "resolved": "https://registry.npmjs.org/node-gyp-build-optional-packages/-/node-gyp-build-optional-packages-5.2.2.tgz",
      "integrity": "sha512-s+w+rBWnpTMwSFbaE0UXsRlg7hU4FjekKU4eyAih5T8nJuNZT1nNsskXpxmeqSK9UzkBl6UgRlnKc8hz8IEqOw==",
      "license": "MIT",
      "optional": true,
      "dependencies": {
        "detect-libc": "^2.0.1"
      },
      "bin": {
        "node-gyp-build-optional-packages": "bin.js",
        "node-gyp-build-optional-packages-optional": "optional.js",
        "node-gyp-build-optional-packages-test": "build-test.js"
      }
    },
    "node_modules/pure-rand": {
      "version": "8.4.2",
      "resolved": "https://registry.npmjs.org/pure-rand/-/pure-rand-8.4.2.tgz",
      "integrity": "sha512-vvuOGgcuPJAirlHvuQw1TrOiw7ptaIXXmIbNuiNOY6lNGJJH49PQ1Kj4nd783nPdQhQdicgOjVI2yI/9BD6/Ng==",
      "funding": [
        {
          "type": "individual",
          "url": "https://github.com/sponsors/dubzzz"
        },
        {
          "type": "opencollective",
          "url": "https://opencollective.com/fast-check"
        }
      ],
      "license": "MIT"
    },
    "node_modules/redis": {
      "version": "6.2.1",
      "resolved": "https://registry.npmjs.org/redis/-/redis-6.2.1.tgz",
      "integrity": "sha512-Z9VHtgYs48PiQC77X9O2Er8Hj4T+5BtFjT91/vi5Is1D04N72cA946ZslM1ImJw8ZctFBZWAVjM7S5wJNeHMpg==",
      "license": "MIT",
      "peer": true,
      "dependencies": {
        "@redis/bloom": "6.2.1",
        "@redis/client": "6.2.1",
        "@redis/json": "6.2.1",
        "@redis/search": "6.2.1",
        "@redis/time-series": "6.2.1"
      },
      "engines": {
        "node": ">= 20.0.0"
      }
    },
    "node_modules/typescript": {
      "version": "5.9.3",
      "resolved": "https://registry.npmjs.org/typescript/-/typescript-5.9.3.tgz",
      "integrity": "sha512-jl1vZzPDinLr9eUt3J/t7V6FgNEw9QjvBPdysz9KfQDD41fQrC2Y4vKQdiaUpFT4bXlb1RHhLpp8wtm6M5TgSw==",
      "dev": true,
      "license": "Apache-2.0",
      "bin": {
        "tsc": "bin/tsc",
        "tsserver": "bin/tsserver"
      },
      "engines": {
        "node": ">=14.17"
      }
    },
    "node_modules/undici": {
      "version": "8.10.1",
      "resolved": "https://registry.npmjs.org/undici/-/undici-8.10.1.tgz",
      "integrity": "sha512-YQ3WlbqjYMmNpdvDH64jAgLjxuAR9+649calDWhbshYaeQGO2bR4nI94ORJmwI3J9YhoKQnpyGOK+0zlWS5N5Q==",
      "license": "MIT",
      "engines": {
        "node": ">=22.19.0"
      }
    },
    "node_modules/undici-types": {
      "version": "7.18.2",
      "resolved": "https://registry.npmjs.org/undici-types/-/undici-types-7.18.2.tgz",
      "integrity": "sha512-AsuCzffGHJybSaRrmr5eHr81mwJU3kjw6M+uprWvCXiNeN9SOGwQ3Jn8jb8m3Z6izVgknn1R0FTCEAP2QrLY/w==",
      "license": "MIT"
    },
    "node_modules/ws": {
      "version": "8.21.3",
      "resolved": "https://registry.npmjs.org/ws/-/ws-8.21.3.tgz",
      "integrity": "sha512-201TZ/kPWxoPr/OKWjquZR1SWKXcvxdH+e1xrx89b3YbmzLMFCLfnaG1HFIgWzJOEWZ7MvpK++odZufgYR50Rw==",
      "license": "MIT",
      "engines": {
        "node": ">=10.0.0"
      },
      "peerDependencies": {
        "bufferutil": "^4.0.1",
        "utf-8-validate": ">=5.0.2"
      },
      "peerDependenciesMeta": {
        "bufferutil": {
          "optional": true
        },
        "utf-8-validate": {
          "optional": true
        }
      }
    }
  }
}
